// !$*UTF8*$!
{
	archiveVersion = 1;
	classes = {
	};
	objectVersion = 77;
	objects = {

/* Begin PBXContainerItemProxy section */
		5B4E47AD2CC4221E0062ABBB /* PBXContainerItemProxy */ = {
			isa = PBXContainerItemProxy;
			containerPortal = 5B4E47942CC4221D0062ABBB /* Project object */;
			proxyType = 1;
			remoteGlobalIDString = 5B4E479B2CC4221D0062ABBB;
			remoteInfo = VacationinVegas;
		};
		5B4E47B72CC4221E0062ABBB /* PBXContainerItemProxy */ = {
			isa = PBXContainerItemProxy;
			containerPortal = 5B4E47942CC4221D0062ABBB /* Project object */;
			proxyType = 1;
			remoteGlobalIDString = 5B4E479B2CC4221D0062ABBB;
			remoteInfo = VacationinVegas;
		};
/* End PBXContainerItemProxy section */

/* Begin PBXFileReference section */
		5B4E479C2CC4221D0062ABBB /* VacationinVegas.app */ = {isa = PBXFileReference; explicitFileType = wrapper.application; includeInIndex = 0; path = VacationinVegas.app; sourceTree = BUILT_PRODUCTS_DIR; };
		5B4E47AC2CC4221E0062ABBB /* VacationinVegasTests.xctest */ = {isa = PBXFileReference; explicitFileType = wrapper.cfbundle; includeInIndex = 0; path = VacationinVegasTests.xctest; sourceTree = BUILT_PRODUCTS_DIR; };
		5B4E47B62CC4221E0062ABBB /* VacationinVegasUITests.xctest */ = {isa = PBXFileReference; explicitFileType = wrapper.cfbundle; includeInIndex = 0; path = VacationinVegasUITests.xctest; sourceTree = BUILT_PRODUCTS_DIR; };
/* End PBXFileReference section */

/* Begin PBXFileSystemSynchronizedRootGroup section */
		5B4E479E2CC4221D0062ABBB /* VacationinVegas */ = {
			isa = PBXFileSystemSynchronizedRootGroup;
			path = VacationinVegas;
			sourceTree = "<group>";
		};
		5B4E47AF2CC4221E0062ABBB /* VacationinVegasTests */ = {
			isa = PBXFileSystemSynchronizedRootGroup;
			path = VacationinVegasTests;
			sourceTree = "<group>";
		};
		5B4E47B92CC4221E0062ABBB /* VacationinVegasUITests */ = {
			isa = PBXFileSystemSynchronizedRootGroup;
			path = VacationinVegasUITests;
			sourceTree = "<group>";
		};
/* End PBXFileSystemSynchronizedRootGroup section */

/* Begin PBXFrameworksBuildPhase section */
		5B4E47992CC4221D0062ABBB /* Frameworks */ = {
			isa = PBXFrameworksBuildPhase;
			buildActionMask = 2147483647;
			files = (
			);
			runOnlyForDeploymentPostprocessing = 0;
		};
		5B4E47A92CC4221E0062ABBB /* Frameworks */ = {
			isa = PBXFrameworksBuildPhase;
			buildActionMask = 2147483647;
			files = (
			);
			runOnlyForDeploymentPostprocessing = 0;
		};
		5B4E47B32CC4221E0062ABBB /* Frameworks */ = {
			isa = PBXFrameworksBuildPhase;
			buildActionMask = 2147483647;
			files = (
			);
			runOnlyForDeploymentPostprocessing = 0;
		};
/* End PBXFrameworksBuildPhase section */

/* Begin PBXGroup section */
		5B4E47932CC4221D0062ABBB = {
			isa = PBXGroup;
			children = (
				5B4E479E2CC4221D0062ABBB /* VacationinVegas */,
				5B4E47AF2CC4221E0062ABBB /* VacationinVegasTests */,
				5B4E47B92CC4221E0062ABBB /* VacationinVegasUITests */,
				5B4E479D2CC4221D0062ABBB /* Products */,
			);
			sourceTree = "<group>";
		};
		5B4E479D2CC4221D0062ABBB /* Products */ = {
			isa = PBXGroup;
			children = (
				5B4E479C2CC4221D0062ABBB /* VacationinVegas.app */,
				5B4E47AC2CC4221E0062ABBB /* VacationinVegasTests.xctest */,
				5B4E47B62CC4221E0062ABBB /* VacationinVegasUITests.xctest */,
			);
			name = Products;
			sourceTree = "<group>";
		};
/* End PBXGroup section */

/* Begin PBXNativeTarget section */
		5B4E479B2CC4221D0062ABBB /* VacationinVegas */ = {
			isa = PBXNativeTarget;
			buildConfigurationList = 5B4E47C02CC4221E0062ABBB /* Build configuration list for PBXNativeTarget "VacationinVegas" */;
			buildPhases = (
				5B4E47982CC4221D0062ABBB /* Sources */,
				5B4E47992CC4221D0062ABBB /* Frameworks */,
				5B4E479A2CC4221D0062ABBB /* Resources */,
			);
			buildRules = (
			);
			dependencies = (
			);
			fileSystemSynchronizedGroups = (
				5B4E479E2CC4221D0062ABBB /* VacationinVegas */,
			);
			name = VacationinVegas;
			packageProductDependencies = (
			);
			productName = VacationinVegas;
			productReference = 5B4E479C2CC4221D0062ABBB /* VacationinVegas.app */;
			productType = "com.apple.product-type.application";
		};
		5B4E47AB2CC4221E0062ABBB /* VacationinVegasTests */ = {
			isa = PBXNativeTarget;
			buildConfigurationList = 5B4E47C32CC4221E0062ABBB /* Build configuration list for PBXNativeTarget "VacationinVegasTests" */;
			buildPhases = (
				5B4E47A82CC4221E0062ABBB /* Sources */,
				5B4E47A92CC4221E0062ABBB /* Frameworks */,
				5B4E47AA2CC4221E0062ABBB /* Resources */,
			);
			buildRules = (
			);
			dependencies = (
				5B4E47AE2CC4221E0062ABBB /* PBXTargetDependency */,
			);
			fileSystemSynchronizedGroups = (
				5B4E47AF2CC4221E0062ABBB /* VacationinVegasTests */,
			);
			name = VacationinVegasTests;
			packageProductDependencies = (
			);
			productName = VacationinVegasTests;
			productReference = 5B4E47AC2CC4221E0062ABBB /* VacationinVegasTests.xctest */;
			productType = "com.apple.product-type.bundle.unit-test";
		};
		5B4E47B52CC4221E0062ABBB /* VacationinVegasUITests */ = {
			isa = PBXNativeTarget;
			buildConfigurationList = 5B4E47C62CC4221E0062ABBB /* Build configuration list for PBXNativeTarget "VacationinVegasUITests" */;
			buildPhases = (
				5B4E47B22CC4221E0062ABBB /* Sources */,
				5B4E47B32CC4221E0062ABBB /* Frameworks */,
				5B4E47B42CC4221E0062ABBB /* Resources */,
			);
			buildRules = (
			);
			dependencies = (
				5B4E47B82CC4221E0062ABBB /* PBXTargetDependency */,
			);
			fileSystemSynchronizedGroups = (
				5B4E47B92CC4221E0062ABBB /* VacationinVegasUITests */,
			);
			name = VacationinVegasUITests;
			packageProductDependencies = (
			);
			productName = VacationinVegasUITests;
			productReference = 5B4E47B62CC4221E0062ABBB /* VacationinVegasUITests.xctest */;
			productType = "com.apple.product-type.bundle.ui-testing";
		};
/* End PBXNativeTarget section */

/* Begin PBXProject section */
		5B4E47942CC4221D0062ABBB /* Project object */ = {
			isa = PBXProject;
			attributes = {
				BuildIndependentTargetsInParallel = 1;
				LastSwiftUpdateCheck = 1600;
				LastUpgradeCheck = 1600;
				TargetAttributes = {
					5B4E479B2CC4221D0062ABBB = {
						CreatedOnToolsVersion = 16.0;
					};
					5B4E47AB2CC4221E0062ABBB = {
						CreatedOnToolsVersion = 16.0;
						TestTargetID = 5B4E479B2CC4221D0062ABBB;
					};
					5B4E47B52CC4221E0062ABBB = {
						CreatedOnToolsVersion = 16.0;
						TestTargetID = 5B4E479B2CC4221D0062ABBB;
					};
				};
			};
			buildConfigurationList = 5B4E47972CC4221D0062ABBB /* Build configuration list for PBXProject "VacationinVegas" */;
			developmentRegion = en;
			hasScannedForEncodings = 0;
			knownRegions = (
				en,
				Base,
			);
			mainGroup = 5B4E47932CC4221D0062ABBB;
			minimizedProjectReferenceProxies = 1;
			preferredProjectObjectVersion = 77;
			productRefGroup = 5B4E479D2CC4221D0062ABBB /* Products */;
			projectDirPath = "";
			projectRoot = "";
			targets = (
				5B4E479B2CC4221D0062ABBB /* VacationinVegas */,
				5B4E47AB2CC4221E0062ABBB /* VacationinVegasTests */,
				5B4E47B52CC4221E0062ABBB /* VacationinVegasUITests */,
			);
		};
/* End PBXProject section */

/* Begin PBXResourcesBuildPhase section */
		5B4E479A2CC4221D0062ABBB /* Resources */ = {
			isa = PBXResourcesBuildPhase;
			buildActionMask = 2147483647;
			files = (
			);
			runOnlyForDeploymentPostprocessing = 0;
		};
		5B4E47AA2CC4221E0062ABBB /* Resources */ = {
			isa = PBXResourcesBuildPhase;
			buildActionMask = 2147483647;
			files = (
			);
			runOnlyForDeploymentPostprocessing = 0;
		};
		5B4E47B42CC4221E0062ABBB /* Resources */ = {
			isa = PBXResourcesBuildPhase;
			buildActionMask = 2147483647;
			files = (
			);
			runOnlyForDeploymentPostprocessing = 0;
		};
/* End PBXResourcesBuildPhase section */

/* Begin PBXSourcesBuildPhase section */
		5B4E47982CC4221D0062ABBB /* Sources */ = {
			isa = PBXSourcesBuildPhase;
			buildActionMask = 2147483647;
			files = (
			);
			runOnlyForDeploymentPostprocessing = 0;
		};
		5B4E47A82CC4221E0062ABBB /* Sources */ = {
			isa = PBXSourcesBuildPhase;
			buildActionMask = 2147483647;
			files = (
			);
			runOnlyForDeploymentPostprocessing = 0;
		};
		5B4E47B22CC4221E0062ABBB /* Sources */ = {
			isa = PBXSourcesBuildPhase;
			buildActionMask = 2147483647;
			files = (
			);
			runOnlyForDeploymentPostprocessing = 0;
		};
/* End PBXSourcesBuildPhase section */

/* Begin PBXTargetDependency section */
		5B4E47AE2CC4221E0062ABBB /* PBXTargetDependency */ = {
			isa = PBXTargetDependency;
			target = 5B4E479B2CC4221D0062ABBB /* VacationinVegas */;
			targetProxy = 5B4E47AD2CC4221E0062ABBB /* PBXContainerItemProxy */;
		};
		5B4E47B82CC4221E0062ABBB /* PBXTargetDependency */ = {
			isa = PBXTargetDependency;
			target = 5B4E479B2CC4221D0062ABBB /* VacationinVegas */;
			targetProxy = 5B4E47B72CC4221E0062ABBB /* PBXContainerItemProxy */;
		};
/* End PBXTargetDependency section */

/* Begin XCBuildConfiguration section */
		5B4E47BE2CC4221E0062ABBB /* Debug */ = {
			isa = XCBuildConfiguration;
			buildSettings = {
				ALWAYS_SEARCH_USER_PATHS = NO;
				ASSETCATALOG_COMPILER_GENERATE_SWIFT_ASSET_SYMBOL_EXTENSIONS = YES;
				CLANG_ANALYZER_NONNULL = YES;
				CLANG_ANALYZER_NUMBER_OBJECT_CONVERSION = YES_AGGRESSIVE;
				CLANG_CXX_LANGUAGE_STANDARD = "gnu++20";
				CLANG_ENABLE_MODULES = YES;
				CLANG_ENABLE_OBJC_ARC = YES;
				CLANG_ENABLE_OBJC_WEAK = YES;
				CLANG_WARN_BLOCK_CAPTURE_AUTORELEASING = YES;
				CLANG_WARN_BOOL_CONVERSION = YES;
				CLANG_WARN_COMMA = YES;
				CLANG_WARN_CONSTANT_CONVERSION = YES;
				CLANG_WARN_DEPRECATED_OBJC_IMPLEMENTATIONS = YES;
				CLANG_WARN_DIRECT_OBJC_ISA_USAGE = YES_ERROR;
				CLANG_WARN_DOCUMENTATION_COMMENTS = YES;
				CLANG_WARN_EMPTY_BODY = YES;
				CLANG_WARN_ENUM_CONVERSION = YES;
				CLANG_WARN_INFINITE_RECURSION = YES;
				CLANG_WARN_INT_CONVERSION = YES;
				CLANG_WARN_NON_LITERAL_NULL_CONVERSION = YES;
				CLANG_WARN_OBJC_IMPLICIT_RETAIN_SELF = YES;
				CLANG_WARN_OBJC_LITERAL_CONVERSION = YES;
				CLANG_WARN_OBJC_ROOT_CLASS = YES_ERROR;
				CLANG_WARN_QUOTED_INCLUDE_IN_FRAMEWORK_HEADER = YES;
				CLANG_WARN_RANGE_LOOP_ANALYSIS = YES;
				CLANG_WARN_STRICT_PROTOTYPES = YES;
				CLANG_WARN_SUSPICIOUS_MOVE = YES;
				CLANG_WARN_UNGUARDED_AVAILABILITY = YES_AGGRESSIVE;
				CLANG_WARN_UNREACHABLE_CODE = YES;
				CLANG_WARN__DUPLICATE_METHOD_MATCH = YES;
				COPY_PHASE_STRIP = NO;
				DEBUG_INFORMATION_FORMAT = dwarf;
				ENABLE_STRICT_OBJC_MSGSEND = YES;
				ENABLE_TESTABILITY = YES;
				ENABLE_USER_SCRIPT_SANDBOXING = YES;
				GCC_C_LANGUAGE_STANDARD = gnu17;
				GCC_DYNAMIC_NO_PIC = NO;
				GCC_NO_COMMON_BLOCKS = YES;
				GCC_OPTIMIZATION_LEVEL = 0;
				GCC_PREPROCESSOR_DEFINITIONS = (
					"DEBUG=1",
					"$(inherited)",
				);
				GCC_WARN_64_TO_32_BIT_CONVERSION = YES;
				GCC_WARN_ABOUT_RETURN_TYPE = YES_ERROR;
				GCC_WARN_UNDECLARED_SELECTOR = YES;
				GCC_WARN_UNINITIALIZED_AUTOS = YES_AGGRESSIVE;
				GCC_WARN_UNUSED_FUNCTION = YES;
				GCC_WARN_UNUSED_VARIABLE = YES;
				IPHONEOS_DEPLOYMENT_TARGET = 18.0;
				LOCALIZATION_PREFERS_STRING_CATALOGS = YES;
				MTL_ENABLE_DEBUG_INFO = INCLUDE_SOURCE;
				MTL_FAST_MATH = YES;
				ONLY_ACTIVE_ARCH = YES;
				SDKROOT = iphoneos;
				SWIFT_ACTIVE_COMPILATION_CONDITIONS = "DEBUG $(inherited)";
				SWIFT_OPTIMIZATION_LEVEL = "-Onone";
			};
			name = Debug;
		};
		5B4E47BF2CC4221E0062ABBB /* Release */ = {
			isa = XCBuildConfiguration;
			buildSettings = {
				ALWAYS_SEARCH_USER_PATHS = NO;
				ASSETCATALOG_COMPILER_GENERATE_SWIFT_ASSET_SYMBOL_EXTENSIONS = YES;
				CLANG_ANALYZER_NONNULL = YES;
				CLANG_ANALYZER_NUMBER_OBJECT_CONVERSION = YES_AGGRESSIVE;
				CLANG_CXX_LANGUAGE_STANDARD = "gnu++20";
				CLANG_ENABLE_MODULES = YES;
				CLANG_ENABLE_OBJC_ARC = YES;
				CLANG_ENABLE_OBJC_WEAK = YES;
				CLANG_WARN_BLOCK_CAPTURE_AUTORELEASING = YES;
				CLANG_WARN_BOOL_CONVERSION = YES;
				CLANG_WARN_COMMA = YES;
				CLANG_WARN_CONSTANT_CONVERSION = YES;
				CLANG_WARN_DEPRECATED_OBJC_IMPLEMENTATIONS = YES;
				CLANG_WARN_DIRECT_OBJC_ISA_USAGE = YES_ERROR;
				CLANG_WARN_DOCUMENTATION_COMMENTS = YES;
				CLANG_WARN_EMPTY_BODY = YES;
				CLANG_WARN_ENUM_CONVERSION = YES;
				CLANG_WARN_INFINITE_RECURSION = YES;
				CLANG_WARN_INT_CONVERSION = YES;
				CLANG_WARN_NON_LITERAL_NULL_CONVERSION = YES;
				CLANG_WARN_OBJC_IMPLICIT_RETAIN_SELF = YES;
				CLANG_WARN_OBJC_LITERAL_CONVERSION = YES;
				CLANG_WARN_OBJC_ROOT_CLASS = YES_ERROR;
				CLANG_WARN_QUOTED_INCLUDE_IN_FRAMEWORK_HEADER = YES;
				CLANG_WARN_RANGE_LOOP_ANALYSIS = YES;
				CLANG_WARN_STRICT_PROTOTYPES = YES;
				CLANG_WARN_SUSPICIOUS_MOVE = YES;
				CLANG_WARN_UNGUARDED_AVAILABILITY = YES_AGGRESSIVE;
				CLANG_WARN_UNREACHABLE_CODE = YES;
				CLANG_WARN__DUPLICATE_METHOD_MATCH = YES;
				COPY_PHASE_STRIP = NO;
				DEBUG_INFORMATION_FORMAT = "dwarf-with-dsym";
				ENABLE_NS_ASSERTIONS = NO;
				ENABLE_STRICT_OBJC_MSGSEND = YES;
				ENABLE_USER_SCRIPT_SANDBOXING = YES;
				GCC_C_LANGUAGE_STANDARD = gnu17;
				GCC_NO_COMMON_BLOCKS = YES;
				GCC_WARN_64_TO_32_BIT_CONVERSION = YES;
				GCC_WARN_ABOUT_RETURN_TYPE = YES_ERROR;
				GCC_WARN_UNDECLARED_SELECTOR = YES;
				GCC_WARN_UNINITIALIZED_AUTOS = YES_AGGRESSIVE;
				GCC_WARN_UNUSED_FUNCTION = YES;
				GCC_WARN_UNUSED_VARIABLE = YES;
				IPHONEOS_DEPLOYMENT_TARGET = 18.0;
				LOCALIZATION_PREFERS_STRING_CATALOGS = YES;
				MTL_ENABLE_DEBUG_INFO = NO;
				MTL_FAST_MATH = YES;
				SDKROOT = iphoneos;
				SWIFT_COMPILATION_MODE = wholemodule;
				VALIDATE_PRODUCT = YES;
			};
			name = Release;
		};
		5B4E47C12CC4221E0062ABBB /* Debug */ = {
			isa = XCBuildConfiguration;
			buildSettings = {
				ASSETCATALOG_COMPILER_APPICON_NAME = AppIcon;
				ASSETCATALOG_COMPILER_GLOBAL_ACCENT_COLOR_NAME = AccentColor;
				CODE_SIGN_STYLE = Automatic;
				CURRENT_PROJECT_VERSION = 1;
				DEVELOPMENT_ASSET_PATHS = "\"VacationinVegas/Preview Content\"";
				DEVELOPMENT_TEAM = 9MMDSU8297;
				ENABLE_PREVIEWS = YES;
				GENERATE_INFOPLIST_FILE = YES;
				INFOPLIST_KEY_UIApplicationSceneManifest_Generation = YES;
				INFOPLIST_KEY_UIApplicationSupportsIndirectInputEvents = YES;
				INFOPLIST_KEY_UILaunchScreen_Generation = YES;
				INFOPLIST_KEY_UISupportedInterfaceOrientations_iPad = "UIInterfaceOrientationPortrait UIInterfaceOrientationPortraitUpsideDown UIInterfaceOrientationLandscapeLeft UIInterfaceOrientationLandscapeRight";
				INFOPLIST_KEY_UISupportedInterfaceOrientations_iPhone = "UIInterfaceOrientationPortrait UIInterfaceOrientationLandscapeLeft UIInterfaceOrientationLandscapeRight";
				LD_RUNPATH_SEARCH_PATHS = (
					"$(inherited)",
					"@executable_path/Frameworks",
				);
				MARKETING_VERSION = 1.0;
				PRODUCT_BUNDLE_IDENTIFIER = tech.caprica.VacationinVegas;
				PRODUCT_NAME = "$(TARGET_NAME)";
				SWIFT_EMIT_LOC_STRINGS = YES;
				SWIFT_VERSION = 5.0;
				TARGETED_DEVICE_FAMILY = "1,2";
			};
			name = Debug;
		};
		5B4E47C22CC4221E0062ABBB /* Release */ = {
			isa = XCBuildConfiguration;
			buildSettings = {
				ASSETCATALOG_COMPILER_APPICON_NAME = AppIcon;
				ASSETCATALOG_COMPILER_GLOBAL_ACCENT_COLOR_NAME = AccentColor;
				CODE_SIGN_STYLE = Automatic;
				CURRENT_PROJECT_VERSION = 1;
				DEVELOPMENT_ASSET_PATHS = "\"VacationinVegas/Preview Content\"";
				DEVELOPMENT_TEAM = 9MMDSU8297;
				ENABLE_PREVIEWS = YES;
				GENERATE_INFOPLIST_FILE = YES;
				INFOPLIST_KEY_UIApplicationSceneManifest_Generation = YES;
				INFOPLIST_KEY_UIApplicationSupportsIndirectInputEvents = YES;
				INFOPLIST_KEY_UILaunchScreen_Generation = YES;
				INFOPLIST_KEY_UISupportedInterfaceOrientations_iPad = "UIInterfaceOrientationPortrait UIInterfaceOrientationPortraitUpsideDown UIInterfaceOrientationLandscapeLeft UIInterfaceOrientationLandscapeRight";
				INFOPLIST_KEY_UISupportedInterfaceOrientations_iPhone = "UIInterfaceOrientationPortrait UIInterfaceOrientationLandscapeLeft UIInterfaceOrientationLandscapeRight";
				LD_RUNPATH_SEARCH_PATHS = (
					"$(inherited)",
					"@executable_path/Frameworks",
				);
				MARKETING_VERSION = 1.0;
				PRODUCT_BUNDLE_IDENTIFIER = tech.caprica.VacationinVegas;
				PRODUCT_NAME = "$(TARGET_NAME)";
				SWIFT_EMIT_LOC_STRINGS = YES;
				SWIFT_VERSION = 5.0;
				TARGETED_DEVICE_FAMILY = "1,2";
			};
			name = Release;
		};
		5B4E47C42CC4221E0062ABBB /* Debug */ = {
			isa = XCBuildConfiguration;
			buildSettings = {
				BUNDLE_LOADER = "$(TEST_HOST)";
				CODE_SIGN_STYLE = Automatic;
				CURRENT_PROJECT_VERSION = 1;
				DEVELOPMENT_TEAM = 9MMDSU8297;
				GENERATE_INFOPLIST_FILE = YES;
				IPHONEOS_DEPLOYMENT_TARGET = 18.0;
				MARKETING_VERSION = 1.0;
				PRODUCT_BUNDLE_IDENTIFIER = tech.caprica.VacationinVegasTests;
				PRODUCT_NAME = "$(TARGET_NAME)";
				SWIFT_EMIT_LOC_STRINGS = NO;
				SWIFT_VERSION = 5.0;
				TARGETED_DEVICE_FAMILY = "1,2";
				TEST_HOST = "$(BUILT_PRODUCTS_DIR)/VacationinVegas.app/$(BUNDLE_EXECUTABLE_FOLDER_PATH)/VacationinVegas";
			};
			name = Debug;
		};
		5B4E47C52CC4221E0062ABBB /* Release */ = {
			isa = XCBuildConfiguration;
			buildSettings = {
				BUNDLE_LOADER = "$(TEST_HOST)";
				CODE_SIGN_STYLE = Automatic;
				CURRENT_PROJECT_VERSION = 1;
				DEVELOPMENT_TEAM = 9MMDSU8297;
				GENERATE_INFOPLIST_FILE = YES;
				IPHONEOS_DEPLOYMENT_TARGET = 18.0;
				MARKETING_VERSION = 1.0;
				PRODUCT_BUNDLE_IDENTIFIER = tech.caprica.VacationinVegasTests;
				PRODUCT_NAME = "$(TARGET_NAME)";
				SWIFT_EMIT_LOC_STRINGS = NO;
				SWIFT_VERSION = 5.0;
				TARGETED_DEVICE_FAMILY = "1,2";
				TEST_HOST = "$(BUILT_PRODUCTS_DIR)/VacationinVegas.app/$(BUNDLE_EXECUTABLE_FOLDER_PATH)/VacationinVegas";
			};
			name = Release;
		};
		5B4E47C72CC4221E0062ABBB /* Debug */ = {
			isa = XCBuildConfiguration;
			buildSettings = {
				CODE_SIGN_STYLE = Automatic;
				CURRENT_PROJECT_VERSION = 1;
				DEVELOPMENT_TEAM = 9MMDSU8297;
				GENERATE_INFOPLIST_FILE = YES;
				MARKETING_VERSION = 1.0;
				PRODUCT_BUNDLE_IDENTIFIER = tech.caprica.VacationinVegasUITests;
				PRODUCT_NAME = "$(TARGET_NAME)";
				SWIFT_EMIT_LOC_STRINGS = NO;
				SWIFT_VERSION = 5.0;
				TARGETED_DEVICE_FAMILY = "1,2";
				TEST_TARGET_NAME = VacationinVegas;
			};
			name = Debug;
		};
		5B4E47C82CC4221E0062ABBB /* Release */ = {
			isa = XCBuildConfiguration;
			buildSettings = {
				CODE_SIGN_STYLE = Automatic;
				CURRENT_PROJECT_VERSION = 1;
				DEVELOPMENT_TEAM = 9MMDSU8297;
				GENERATE_INFOPLIST_FILE = YES;
				MARKETING_VERSION = 1.0;
				PRODUCT_BUNDLE_IDENTIFIER = tech.caprica.VacationinVegasUITests;
				PRODUCT_NAME = "$(TARGET_NAME)";
				SWIFT_EMIT_LOC_STRINGS = NO;
				SWIFT_VERSION = 5.0;
				TARGETED_DEVICE_FAMILY = "1,2";
				TEST_TARGET_NAME = VacationinVegas;
			};
			name = Release;
		};
/* End XCBuildConfiguration section */

/* Begin XCConfigurationList section */
		5B4E47972CC4221D0062ABBB /* Build configuration list for PBXProject "VacationinVegas" */ = {
			isa = XCConfigurationList;
			buildConfigurations = (
				5B4E47BE2CC4221E0062ABBB /* Debug */,
				5B4E47BF2CC4221E0062ABBB /* Release */,
			);
			defaultConfigurationIsVisible = 0;
			defaultConfigurationName = Release;
		};
		5B4E47C02CC4221E0062ABBB /* Build configuration list for PBXNativeTarget "VacationinVegas" */ = {
			isa = XCConfigurationList;
			buildConfigurations = (
				5B4E47C12CC4221E0062ABBB /* Debug */,
				5B4E47C22CC4221E0062ABBB /* Release */,
			);
			defaultConfigurationIsVisible = 0;
			defaultConfigurationName = Release;
		};
		5B4E47C32CC4221E0062ABBB /* Build configuration list for PBXNativeTarget "VacationinVegasTests" */ = {
			isa = XCConfigurationList;
			buildConfigurations = (
				5B4E47C42CC4221E0062ABBB /* Debug */,
				5B4E47C52CC4221E0062ABBB /* Release */,
			);
			defaultConfigurationIsVisible = 0;
			defaultConfigurationName = Release;
		};
		5B4E47C62CC4221E0062ABBB /* Build configuration list for PBXNativeTarget "VacationinVegasUITests" */ = {
			isa = XCConfigurationList;
			buildConfigurations = (
				5B4E47C72CC4221E0062ABBB /* Debug */,
				5B4E47C82CC4221E0062ABBB /* Release */,
			);
			defaultConfigurationIsVisible = 0;
			defaultConfigurationName = Release;
		};
/* End XCConfigurationList section */
	};
	rootObject = 5B4E47942CC4221D0062ABBB /* Project object */;
}
